// !$*UTF8*$!
{
	archiveVersion = 1;
	classes = {
	};
	objectVersion = 46;
	objects = {

/* Begin PBXBuildFile section */
		01B9166417ECE18E008BFCF0 /* QPRLogo120.png in Resources */ = {isa = PBXBuildFile; fileRef = 01B9166317ECE18E008BFCF0 /* QPRLogo120.png */; };
		01B9166D17ECE388008BFCF0 /* QPRLogo40.png in Resources */ = {isa = PBXBuildFile; fileRef = 01B9166817ECE388008BFCF0 /* QPRLogo40.png */; };
		01B9166E17ECE388008BFCF0 /* QPRLogo100.png in Resources */ = {isa = PBXBuildFile; fileRef = 01B9166917ECE388008BFCF0 /* QPRLogo100.png */; };
		01B9166F17ECE388008BFCF0 /* QPRLogo50.png in Resources */ = {isa = PBXBuildFile; fileRef = 01B9166A17ECE388008BFCF0 /* QPRLogo50.png */; };
		01B9167017ECE388008BFCF0 /* QPRLogo80.png in Resources */ = {isa = PBXBuildFile; fileRef = 01B9166B17ECE388008BFCF0 /* QPRLogo80.png */; };
		01B9167117ECE388008BFCF0 /* QPRLogo58.png in Resources */ = {isa = PBXBuildFile; fileRef = 01B9166C17ECE388008BFCF0 /* QPRLogo58.png */; };
		01B9167317ECE456008BFCF0 /* Images.xcassets in Resources */ = {isa = PBXBuildFile; fileRef = 01B9167217ECE456008BFCF0 /* Images.xcassets */; };
		01B9167617ECE7C4008BFCF0 /* InfoViewController.xib in Resources */ = {isa = PBXBuildFile; fileRef = 01B9167517ECE7C4008BFCF0 /* InfoViewController.xib */; };
		0B2CFF29137B75D500802505 /* 79-medical-bag.png in Resources */ = {isa = PBXBuildFile; fileRef = 0B2CFF28137B75D500802505 /* 79-medical-bag.png */; };
		0B2CFF2F137B785A00802505 /* info_20.png in Resources */ = {isa = PBXBuildFile; fileRef = 0B2CFF2E137B785A00802505 /* info_20.png */; };
		0B4208A912F8ECFD003BB51C /* QuartzCore.framework in Frameworks */ = {isa = PBXBuildFile; fileRef = 0B4208A812F8ECFD003BB51C /* QuartzCore.framework */; };
		0B80191012677D8900485E11 /* Forever_Decision.pdf in Resources */ = {isa = PBXBuildFile; fileRef = 0B80190F12677D8800485E11 /* Forever_Decision.pdf */; };
		0B9FBBCF12FB00C100C5FA2F /* Decisión para siempre.pdf in Resources */ = {isa = PBXBuildFile; fileRef = 0B9FBBCE12FB00C100C5FA2F /* Decisión para siempre.pdf */; };
		0BDEA8E912A748C5002A9DE6 /* QPRLogo.png in Resources */ = {isa = PBXBuildFile; fileRef = 0BDEA8E812A748C5002A9DE6 /* QPRLogo.png */; };
		0BF8DB1D140864CF00FB5D3A /* Entitlements.plist in Resources */ = {isa = PBXBuildFile; fileRef = 0BF8DB1C140864CF00FB5D3A /* Entitlements.plist */; };
		0BF8DB24140B2A5100FB5D3A /* QPRLogo.gif in Resources */ = {isa = PBXBuildFile; fileRef = 0BF8DB21140B2A5100FB5D3A /* QPRLogo.gif */; };
		1D3623260D0F684500981E51 /* QPRBookAppDelegate.m in Sources */ = {isa = PBXBuildFile; fileRef = 1D3623250D0F684500981E51 /* QPRBookAppDelegate.m */; };
		1D60589B0D05DD56006BFB54 /* main.m in Sources */ = {isa = PBXBuildFile; fileRef = 29B97316FDCFA39411CA2CEA /* main.m */; };
		1D60589F0D05DD5A006BFB54 /* Foundation.framework in Frameworks */ = {isa = PBXBuildFile; fileRef = 1D30AB110D05D00D00671497 /* Foundation.framework */; };
		1DF5F4E00D08C38300B7A737 /* UIKit.framework in Frameworks */ = {isa = PBXBuildFile; fileRef = 1DF5F4DF0D08C38300B7A737 /* UIKit.framework */; };
		288765590DF743DE002DB57D /* CoreGraphics.framework in Frameworks */ = {isa = PBXBuildFile; fileRef = 288765580DF743DE002DB57D /* CoreGraphics.framework */; };
		289233AE0DB2D0DB0083E9F9 /* MainViewController.m in Sources */ = {isa = PBXBuildFile; fileRef = 289233A90DB2D0DB0083E9F9 /* MainViewController.m */; };
		864342BC17A01E6C0036032C /* InfoViewController.m in Sources */ = {isa = PBXBuildFile; fileRef = 864342BA17A01E6C0036032C /* InfoViewController.m */; };
		867B3471178C557200CAA125 /* libPDFReader.a in Frameworks */ = {isa = PBXBuildFile; fileRef = 861337DA178B5F7A004B6339 /* libPDFReader.a */; };
		867B3472178C69EB00CAA125 /* Default-568h@2x.png in Resources */ = {isa = PBXBuildFile; fileRef = 8662E866174E9EB500FBBC99 /* Default-568h@2x.png */; };
		867B3474178C6B0E00CAA125 /* MainStoryboard_iPhone.storyboard in Resources */ = {isa = PBXBuildFile; fileRef = 867B3473178C6B0E00CAA125 /* MainStoryboard_iPhone.storyboard */; };
		867B3476178C6BE800CAA125 /* MainStoryboard_iPad.storyboard in Resources */ = {isa = PBXBuildFile; fileRef = 867B3475178C6BE800CAA125 /* MainStoryboard_iPad.storyboard */; };
		867B3479178C70A200CAA125 /* QPRLogo72.png in Resources */ = {isa = PBXBuildFile; fileRef = 867B3477178C70A200CAA125 /* QPRLogo72.png */; };
		867B347A178C70A200CAA125 /* QPRLogo72@2x.png in Resources */ = {isa = PBXBuildFile; fileRef = 867B3478178C70A200CAA125 /* QPRLogo72@2x.png */; };
		867B347C178C717000CAA125 /* QPRLogo114.png in Resources */ = {isa = PBXBuildFile; fileRef = 867B347B178C717000CAA125 /* QPRLogo114.png */; };
		867B347E178C778100CAA125 /* Default@2x.png in Resources */ = {isa = PBXBuildFile; fileRef = 867B347D178C778100CAA125 /* Default@2x.png */; };
		867B347F178C780000CAA125 /* Default.png in Resources */ = {isa = PBXBuildFile; fileRef = 0BF8DB1A1408525D00FB5D3A /* Default.png */; };
		86BD1024178B6E1C00C1AEF4 /* ImageIO.framework in Frameworks */ = {isa = PBXBuildFile; fileRef = 86BD1023178B6E1C00C1AEF4 /* ImageIO.framework */; };
		86BD1026178B6E2B00C1AEF4 /* MessageUI.framework in Frameworks */ = {isa = PBXBuildFile; fileRef = 86BD1025178B6E2B00C1AEF4 /* MessageUI.framework */; };
		86E411F5178F396D00BF81B2 /* Reader-Button-H.png in Resources */ = {isa = PBXBuildFile; fileRef = 86E411E7178F392700BF81B2 /* Reader-Button-H.png */; };
		86E411F6178F396D00BF81B2 /* Reader-Button-H@2x.png in Resources */ = {isa = PBXBuildFile; fileRef = 86E411E8178F392700BF81B2 /* Reader-Button-H@2x.png */; };
		86E411F7178F396D00BF81B2 /* Reader-Button-N.png in Resources */ = {isa = PBXBuildFile; fileRef = 86E411E9178F392700BF81B2 /* Reader-Button-N.png */; };
		86E411F8178F396D00BF81B2 /* Reader-Button-N@2x.png in Resources */ = {isa = PBXBuildFile; fileRef = 86E411EA178F392700BF81B2 /* Reader-Button-N@2x.png */; };
		86E411F9178F396D00BF81B2 /* Reader-Email.png in Resources */ = {isa = PBXBuildFile; fileRef = 86E411EB178F392700BF81B2 /* Reader-Email.png */; };
		86E411FA178F396D00BF81B2 /* Reader-Email@2x.png in Resources */ = {isa = PBXBuildFile; fileRef = 86E411EC178F392700BF81B2 /* Reader-Email@2x.png */; };
		86E411FB178F396D00BF81B2 /* Reader-Mark-N.png in Resources */ = {isa = PBXBuildFile; fileRef = 86E411ED178F392700BF81B2 /* Reader-Mark-N.png */; };
		86E411FC178F396D00BF81B2 /* Reader-Mark-N@2x.png in Resources */ = {isa = PBXBuildFile; fileRef = 86E411EE178F392700BF81B2 /* Reader-Mark-N@2x.png */; };
		86E411FD178F396D00BF81B2 /* Reader-Mark-Y.png in Resources */ = {isa = PBXBuildFile; fileRef = 86E411EF178F392700BF81B2 /* Reader-Mark-Y.png */; };
		86E411FE178F396D00BF81B2 /* Reader-Mark-Y@2x.png in Resources */ = {isa = PBXBuildFile; fileRef = 86E411F0178F392700BF81B2 /* Reader-Mark-Y@2x.png */; };
		86E411FF178F396D00BF81B2 /* Reader-Print.png in Resources */ = {isa = PBXBuildFile; fileRef = 86E411F1178F392700BF81B2 /* Reader-Print.png */; };
		86E41200178F396D00BF81B2 /* Reader-Print@2x.png in Resources */ = {isa = PBXBuildFile; fileRef = 86E411F2178F392700BF81B2 /* Reader-Print@2x.png */; };
		86E41201178F396D00BF81B2 /* Reader-Thumbs.png in Resources */ = {isa = PBXBuildFile; fileRef = 86E411F3178F392700BF81B2 /* Reader-Thumbs.png */; };
		86E41202178F396D00BF81B2 /* Reader-Thumbs@2x.png in Resources */ = {isa = PBXBuildFile; fileRef = 86E411F4178F392700BF81B2 /* Reader-Thumbs@2x.png */; };
/* End PBXBuildFile section */

/* Begin PBXContainerItemProxy section */
		861337D9178B5F7A004B6339 /* PBXContainerItemProxy */ = {
			isa = PBXContainerItemProxy;
			containerPortal = 861337D5178B5F79004B6339 /* PDFReader.xcodeproj */;
			proxyType = 2;
			remoteGlobalIDString = 8613372D178B546B004B6339;
			remoteInfo = PDFReader;
		};
		861337DC178B644A004B6339 /* PBXContainerItemProxy */ = {
			isa = PBXContainerItemProxy;
			containerPortal = 861337D5178B5F79004B6339 /* PDFReader.xcodeproj */;
			proxyType = 1;
			remoteGlobalIDString = 8613372C178B546B004B6339;
			remoteInfo = PDFReader;
		};
/* End PBXContainerItemProxy section */

/* Begin PBXFileReference section */
		01B9166317ECE18E008BFCF0 /* QPRLogo120.png */ = {isa = PBXFileReference; lastKnownFileType = image.png; path = QPRLogo120.png; sourceTree = "<group>"; };
		01B9166517ECE32D008BFCF0 /* QPRLogo76.png */ = {isa = PBXFileReference; lastKnownFileType = image.png; path = QPRLogo76.png; sourceTree = "<group>"; };
		01B9166617ECE352008BFCF0 /* QPRLogo152.png */ = {isa = PBXFileReference; lastKnownFileType = image.png; path = QPRLogo152.png; sourceTree = "<group>"; };
		01B9166717ECE369008BFCF0 /* QPRLogo29.png */ = {isa = PBXFileReference; lastKnownFileType = image.png; path = QPRLogo29.png; sourceTree = "<group>"; };
		01B9166817ECE388008BFCF0 /* QPRLogo40.png */ = {isa = PBXFileReference; lastKnownFileType = image.png; path = QPRLogo40.png; sourceTree = "<group>"; };
		01B9166917ECE388008BFCF0 /* QPRLogo100.png */ = {isa = PBXFileReference; lastKnownFileType = image.png; path = QPRLogo100.png; sourceTree = "<group>"; };
		01B9166A17ECE388008BFCF0 /* QPRLogo50.png */ = {isa = PBXFileReference; lastKnownFileType = image.png; path = QPRLogo50.png; sourceTree = "<group>"; };
		01B9166B17ECE388008BFCF0 /* QPRLogo80.png */ = {isa = PBXFileReference; lastKnownFileType = image.png; path = QPRLogo80.png; sourceTree = "<group>"; };
		01B9166C17ECE388008BFCF0 /* QPRLogo58.png */ = {isa = PBXFileReference; lastKnownFileType = image.png; path = QPRLogo58.png; sourceTree = "<group>"; };
		01B9167217ECE456008BFCF0 /* Images.xcassets */ = {isa = PBXFileReference; lastKnownFileType = folder.assetcatalog; name = Images.xcassets; path = QPRBook6/Images.xcassets; sourceTree = "<group>"; };
		01B9167517ECE7C4008BFCF0 /* InfoViewController.xib */ = {isa = PBXFileReference; fileEncoding = 4; lastKnownFileType = file.xib; path = InfoViewController.xib; sourceTree = "<group>"; };
		0B2CFF28137B75D500802505 /* 79-medical-bag.png */ = {isa = PBXFileReference; lastKnownFileType = image.png; path = "79-medical-bag.png"; sourceTree = "<group>"; };
		0B2CFF2E137B785A00802505 /* info_20.png */ = {isa = PBXFileReference; lastKnownFileType = image.png; path = info_20.png; sourceTree = "<group>"; };
		0B4208A812F8ECFD003BB51C /* QuartzCore.framework */ = {isa = PBXFileReference; lastKnownFileType = wrapper.framework; name = QuartzCore.framework; path = System/Library/Frameworks/QuartzCore.framework; sourceTree = SDKROOT; };
		0B80190F12677D8800485E11 /* Forever_Decision.pdf */ = {isa = PBXFileReference; lastKnownFileType = image.pdf; path = Forever_Decision.pdf; sourceTree = "<group>"; };
		0B9FBBCE12FB00C100C5FA2F /* Decisión para siempre.pdf */ = {isa = PBXFileReference; lastKnownFileType = image.pdf; path = "Decisión para siempre.pdf"; sourceTree = "<group>"; };
		0BDEA8E812A748C5002A9DE6 /* QPRLogo.png */ = {isa = PBXFileReference; lastKnownFileType = image.png; path = QPRLogo.png; sourceTree = "<group>"; };
		0BF8DB1A1408525D00FB5D3A /* Default.png */ = {isa = PBXFileReference; lastKnownFileType = image.png; path = Default.png; sourceTree = "<group>"; };
		0BF8DB1C140864CF00FB5D3A /* Entitlements.plist */ = {isa = PBXFileReference; fileEncoding = 4; lastKnownFileType = text.plist.xml; path = Entitlements.plist; sourceTree = "<group>"; };
		0BF8DB21140B2A5100FB5D3A /* QPRLogo.gif */ = {isa = PBXFileReference; lastKnownFileType = image.gif; path = QPRLogo.gif; sourceTree = "<group>"; };
		1D30AB110D05D00D00671497 /* Foundation.framework */ = {isa = PBXFileReference; lastKnownFileType = wrapper.framework; name = Foundation.framework; path = System/Library/Frameworks/Foundation.framework; sourceTree = SDKROOT; };
		1D3623240D0F684500981E51 /* QPRBookAppDelegate.h */ = {isa = PBXFileReference; fileEncoding = 4; lastKnownFileType = sourcecode.c.h; path = QPRBookAppDelegate.h; sourceTree = "<group>"; };
		1D3623250D0F684500981E51 /* QPRBookAppDelegate.m */ = {isa = PBXFileReference; fileEncoding = 4; lastKnownFileType = sourcecode.c.objc; path = QPRBookAppDelegate.m; sourceTree = "<group>"; };
		1D6058910D05DD3D006BFB54 /* QPRBook6.app */ = {isa = PBXFileReference; explicitFileType = wrapper.application; includeInIndex = 0; path = QPRBook6.app; sourceTree = BUILT_PRODUCTS_DIR; };
		1DF5F4DF0D08C38300B7A737 /* UIKit.framework */ = {isa = PBXFileReference; lastKnownFileType = wrapper.framework; name = UIKit.framework; path = System/Library/Frameworks/UIKit.framework; sourceTree = SDKROOT; };
		288765580DF743DE002DB57D /* CoreGraphics.framework */ = {isa = PBXFileReference; lastKnownFileType = wrapper.framework; name = CoreGraphics.framework; path = System/Library/Frameworks/CoreGraphics.framework; sourceTree = SDKROOT; };
		289233A80DB2D0DB0083E9F9 /* MainViewController.h */ = {isa = PBXFileReference; fileEncoding = 4; lastKnownFileType = sourcecode.c.h; name = MainViewController.h; path = Classes/MainViewController.h; sourceTree = "<group>"; };
		289233A90DB2D0DB0083E9F9 /* MainViewController.m */ = {isa = PBXFileReference; fileEncoding = 4; lastKnownFileType = sourcecode.c.objc; name = MainViewController.m; path = Classes/MainViewController.m; sourceTree = "<group>"; };
		29B97316FDCFA39411CA2CEA /* main.m */ = {isa = PBXFileReference; fileEncoding = 4; lastKnownFileType = sourcecode.c.objc; path = main.m; sourceTree = "<group>"; };
		32CA4F630368D1EE00C91783 /* QPRBook6_Prefix.pch */ = {isa = PBXFileReference; fileEncoding = 4; lastKnownFileType = sourcecode.c.h; path = QPRBook6_Prefix.pch; sourceTree = "<group>"; };
		861337D5178B5F79004B6339 /* PDFReader.xcodeproj */ = {isa = PBXFileReference; lastKnownFileType = "wrapper.pb-project"; name = PDFReader.xcodeproj; path = ../PDFReader/PDFReader.xcodeproj; sourceTree = "<group>"; };
		864342B917A01E6C0036032C /* InfoViewController.h */ = {isa = PBXFileReference; fileEncoding = 4; lastKnownFileType = sourcecode.c.h; path = InfoViewController.h; sourceTree = "<group>"; };
		864342BA17A01E6C0036032C /* InfoViewController.m */ = {isa = PBXFileReference; fileEncoding = 4; lastKnownFileType = sourcecode.c.objc; path = InfoViewController.m; sourceTree = "<group>"; };
		8662E866174E9EB500FBBC99 /* Default-568h@2x.png */ = {isa = PBXFileReference; lastKnownFileType = image.png; path = "Default-568h@2x.png"; sourceTree = "<group>"; };
		867B3473178C6B0E00CAA125 /* MainStoryboard_iPhone.storyboard */ = {isa = PBXFileReference; fileEncoding = 4; lastKnownFileType = file.storyboard; path = MainStoryboard_iPhone.storyboard; sourceTree = "<group>"; };
		867B3475178C6BE800CAA125 /* MainStoryboard_iPad.storyboard */ = {isa = PBXFileReference; fileEncoding = 4; lastKnownFileType = file.storyboard; path = MainStoryboard_iPad.storyboard; sourceTree = "<group>"; };
		867B3477178C70A200CAA125 /* QPRLogo72.png */ = {isa = PBXFileReference; lastKnownFileType = image.png; path = QPRLogo72.png; sourceTree = "<group>"; };
		867B3478178C70A200CAA125 /* QPRLogo72@2x.png */ = {isa = PBXFileReference; lastKnownFileType = image.png; path = "QPRLogo72@2x.png"; sourceTree = "<group>"; };
		867B347B178C717000CAA125 /* QPRLogo114.png */ = {isa = PBXFileReference; lastKnownFileType = image.png; path = QPRLogo114.png; sourceTree = "<group>"; };
		867B347D178C778100CAA125 /* Default@2x.png */ = {isa = PBXFileReference; lastKnownFileType = image.png; path = "Default@2x.png"; sourceTree = "<group>"; };
		86BD1023178B6E1C00C1AEF4 /* ImageIO.framework */ = {isa = PBXFileReference; lastKnownFileType = wrapper.framework; name = ImageIO.framework; path = System/Library/Frameworks/ImageIO.framework; sourceTree = SDKROOT; };
		86BD1025178B6E2B00C1AEF4 /* MessageUI.framework */ = {isa = PBXFileReference; lastKnownFileType = wrapper.framework; name = MessageUI.framework; path = System/Library/Frameworks/MessageUI.framework; sourceTree = SDKROOT; };
		86E411E7178F392700BF81B2 /* Reader-Button-H.png */ = {isa = PBXFileReference; lastKnownFileType = image.png; path = "Reader-Button-H.png"; sourceTree = "<group>"; };
		86E411E8178F392700BF81B2 /* Reader-Button-H@2x.png */ = {isa = PBXFileReference; lastKnownFileType = image.png; path = "Reader-Button-H@2x.png"; sourceTree = "<group>"; };
		86E411E9178F392700BF81B2 /* Reader-Button-N.png */ = {isa = PBXFileReference; lastKnownFileType = image.png; path = "Reader-Button-N.png"; sourceTree = "<group>"; };
		86E411EA178F392700BF81B2 /* Reader-Button-N@2x.png */ = {isa = PBXFileReference; lastKnownFileType = image.png; path = "Reader-Button-N@2x.png"; sourceTree = "<group>"; };
		86E411EB178F392700BF81B2 /* Reader-Email.png */ = {isa = PBXFileReference; lastKnownFileType = image.png; path = "Reader-Email.png"; sourceTree = "<group>"; };
		86E411EC178F392700BF81B2 /* Reader-Email@2x.png */ = {isa = PBXFileReference; lastKnownFileType = image.png; path = "Reader-Email@2x.png"; sourceTree = "<group>"; };
		86E411ED178F392700BF81B2 /* Reader-Mark-N.png */ = {isa = PBXFileReference; lastKnownFileType = image.png; path = "Reader-Mark-N.png"; sourceTree = "<group>"; };
		86E411EE178F392700BF81B2 /* Reader-Mark-N@2x.png */ = {isa = PBXFileReference; lastKnownFileType = image.png; path = "Reader-Mark-N@2x.png"; sourceTree = "<group>"; };
		86E411EF178F392700BF81B2 /* Reader-Mark-Y.png */ = {isa = PBXFileReference; lastKnownFileType = image.png; path = "Reader-Mark-Y.png"; sourceTree = "<group>"; };
		86E411F0178F392700BF81B2 /* Reader-Mark-Y@2x.png */ = {isa = PBXFileReference; lastKnownFileType = image.png; path = "Reader-Mark-Y@2x.png"; sourceTree = "<group>"; };
		86E411F1178F392700BF81B2 /* Reader-Print.png */ = {isa = PBXFileReference; lastKnownFileType = image.png; path = "Reader-Print.png"; sourceTree = "<group>"; };
		86E411F2178F392700BF81B2 /* Reader-Print@2x.png */ = {isa = PBXFileReference; lastKnownFileType = image.png; path = "Reader-Print@2x.png"; sourceTree = "<group>"; };
		86E411F3178F392700BF81B2 /* Reader-Thumbs.png */ = {isa = PBXFileReference; lastKnownFileType = image.png; path = "Reader-Thumbs.png"; sourceTree = "<group>"; };
		86E411F4178F392700BF81B2 /* Reader-Thumbs@2x.png */ = {isa = PBXFileReference; lastKnownFileType = image.png; path = "Reader-Thumbs@2x.png"; sourceTree = "<group>"; };
		8D1107310486CEB800E47090 /* QPRBook6-Info.plist */ = {isa = PBXFileReference; fileEncoding = 4; lastKnownFileType = text.plist.xml; path = "QPRBook6-Info.plist"; plistStructureDefinitionIdentifier = "com.apple.xcode.plist.structure-definition.iphone.info-plist"; sourceTree = "<group>"; };
/* End PBXFileReference section */

/* Begin PBXFrameworksBuildPhase section */
		1D60588F0D05DD3D006BFB54 /* Frameworks */ = {
			isa = PBXFrameworksBuildPhase;
			buildActionMask = 2147483647;
			files = (
				867B3471178C557200CAA125 /* libPDFReader.a in Frameworks */,
				86BD1024178B6E1C00C1AEF4 /* ImageIO.framework in Frameworks */,
				86BD1026178B6E2B00C1AEF4 /* MessageUI.framework in Frameworks */,
				0B4208A912F8ECFD003BB51C /* QuartzCore.framework in Frameworks */,
				288765590DF743DE002DB57D /* CoreGraphics.framework in Frameworks */,
				1D60589F0D05DD5A006BFB54 /* Foundation.framework in Frameworks */,
				1DF5F4E00D08C38300B7A737 /* UIKit.framework in Frameworks */,
			);
			runOnlyForDeploymentPostprocessing = 0;
		};
/* End PBXFrameworksBuildPhase section */

/* Begin PBXGroup section */
		01B9167417ECE4E1008BFCF0 /* Logo */ = {
			isa = PBXGroup;
			children = (
				867B347B178C717000CAA125 /* QPRLogo114.png */,
				01B9166817ECE388008BFCF0 /* QPRLogo40.png */,
				01B9166917ECE388008BFCF0 /* QPRLogo100.png */,
				01B9166A17ECE388008BFCF0 /* QPRLogo50.png */,
				01B9166B17ECE388008BFCF0 /* QPRLogo80.png */,
				01B9166C17ECE388008BFCF0 /* QPRLogo58.png */,
				01B9166717ECE369008BFCF0 /* QPRLogo29.png */,
				01B9166617ECE352008BFCF0 /* QPRLogo152.png */,
				01B9166517ECE32D008BFCF0 /* QPRLogo76.png */,
				01B9166317ECE18E008BFCF0 /* QPRLogo120.png */,
				867B3478178C70A200CAA125 /* QPRLogo72@2x.png */,
				867B3477178C70A200CAA125 /* QPRLogo72.png */,
			);
			name = Logo;
			sourceTree = "<group>";
		};
		080E96DDFE201D6D7F000001 /* Application Delegate */ = {
			isa = PBXGroup;
			children = (
				1D3623240D0F684500981E51 /* QPRBookAppDelegate.h */,
				1D3623250D0F684500981E51 /* QPRBookAppDelegate.m */,
			);
			name = "Application Delegate";
			path = Classes;
			sourceTree = "<group>";
		};
		19C28FACFE9D520D11CA2CBB /* Products */ = {
			isa = PBXGroup;
			children = (
				1D6058910D05DD3D006BFB54 /* QPRBook6.app */,
			);
			name = Products;
			sourceTree = "<group>";
		};
		289233A00DB2D0730083E9F9 /* Main View */ = {
			isa = PBXGroup;
			children = (
				289233A80DB2D0DB0083E9F9 /* MainViewController.h */,
				289233A90DB2D0DB0083E9F9 /* MainViewController.m */,
				867B3473178C6B0E00CAA125 /* MainStoryboard_iPhone.storyboard */,
				867B3475178C6BE800CAA125 /* MainStoryboard_iPad.storyboard */,
			);
			name = "Main View";
			sourceTree = "<group>";
		};
		29B97314FDCFA39411CA2CEA /* CustomTemplate */ = {
			isa = PBXGroup;
			children = (
				861337D5178B5F79004B6339 /* PDFReader.xcodeproj */,
				864342B817A01DD10036032C /* InfoView */,
				289233A00DB2D0730083E9F9 /* Main View */,
				080E96DDFE201D6D7F000001 /* Application Delegate */,
				29B97315FDCFA39411CA2CEA /* Other Sources */,
				29B97317FDCFA39411CA2CEA /* Resources */,
				29B97323FDCFA39411CA2CEA /* Frameworks */,
				19C28FACFE9D520D11CA2CBB /* Products */,
			);
			name = CustomTemplate;
			sourceTree = "<group>";
		};
		29B97315FDCFA39411CA2CEA /* Other Sources */ = {
			isa = PBXGroup;
			children = (
				32CA4F630368D1EE00C91783 /* QPRBook6_Prefix.pch */,
				29B97316FDCFA39411CA2CEA /* main.m */,
			);
			name = "Other Sources";
			sourceTree = "<group>";
		};
		29B97317FDCFA39411CA2CEA /* Resources */ = {
			isa = PBXGroup;
			children = (
				01B9167217ECE456008BFCF0 /* Images.xcassets */,
				86E411E6178F392700BF81B2 /* Graphics */,
				01B9167417ECE4E1008BFCF0 /* Logo */,
				8662E866174E9EB500FBBC99 /* Default-568h@2x.png */,
				867B347D178C778100CAA125 /* Default@2x.png */,
				0BF8DB1C140864CF00FB5D3A /* Entitlements.plist */,
				0BF8DB21140B2A5100FB5D3A /* QPRLogo.gif */,
				0BF8DB1A1408525D00FB5D3A /* Default.png */,
				0B2CFF2E137B785A00802505 /* info_20.png */,
				0B2CFF28137B75D500802505 /* 79-medical-bag.png */,
				0B9FBBCE12FB00C100C5FA2F /* Decisión para siempre.pdf */,
				0BDEA8E812A748C5002A9DE6 /* QPRLogo.png */,
				0B80190F12677D8800485E11 /* Forever_Decision.pdf */,
				8D1107310486CEB800E47090 /* QPRBook6-Info.plist */,
			);
			name = Resources;
			sourceTree = "<group>";
		};
		29B97323FDCFA39411CA2CEA /* Frameworks */ = {
			isa = PBXGroup;
			children = (
				1DF5F4DF0D08C38300B7A737 /* UIKit.framework */,
				1D30AB110D05D00D00671497 /* Foundation.framework */,
				288765580DF743DE002DB57D /* CoreGraphics.framework */,
				0B4208A812F8ECFD003BB51C /* QuartzCore.framework */,
				86BD1025178B6E2B00C1AEF4 /* MessageUI.framework */,
				86BD1023178B6E1C00C1AEF4 /* ImageIO.framework */,
			);
			name = Frameworks;
			sourceTree = "<group>";
		};
		861337D6178B5F79004B6339 /* Products */ = {
			isa = PBXGroup;
			children = (
				861337DA178B5F7A004B6339 /* libPDFReader.a */,
			);
			name = Products;
			sourceTree = "<group>";
		};
		864342B817A01DD10036032C /* InfoView */ = {
			isa = PBXGroup;
			children = (
				01B9167517ECE7C4008BFCF0 /* InfoViewController.xib */,
				864342B917A01E6C0036032C /* InfoViewController.h */,
				864342BA17A01E6C0036032C /* InfoViewController.m */,
			);
			path = InfoView;
			sourceTree = "<group>";
		};
		86E411E6178F392700BF81B2 /* Graphics */ = {
			isa = PBXGroup;
			children = (
				86E411E7178F392700BF81B2 /* Reader-Button-H.png */,
				86E411E8178F392700BF81B2 /* Reader-Button-H@2x.png */,
				86E411E9178F392700BF81B2 /* Reader-Button-N.png */,
				86E411EA178F392700BF81B2 /* Reader-Button-N@2x.png */,
				86E411EB178F392700BF81B2 /* Reader-Email.png */,
				86E411EC178F392700BF81B2 /* Reader-Email@2x.png */,
				86E411ED178F392700BF81B2 /* Reader-Mark-N.png */,
				86E411EE178F392700BF81B2 /* Reader-Mark-N@2x.png */,
				86E411EF178F392700BF81B2 /* Reader-Mark-Y.png */,
				86E411F0178F392700BF81B2 /* Reader-Mark-Y@2x.png */,
				86E411F1178F392700BF81B2 /* Reader-Print.png */,
				86E411F2178F392700BF81B2 /* Reader-Print@2x.png */,
				86E411F3178F392700BF81B2 /* Reader-Thumbs.png */,
				86E411F4178F392700BF81B2 /* Reader-Thumbs@2x.png */,
			);
			path = Graphics;
			sourceTree = "<group>";
		};
/* End PBXGroup section */

/* Begin PBXNativeTarget section */
		1D6058900D05DD3D006BFB54 /* QPRBook6 */ = {
			isa = PBXNativeTarget;
			buildConfigurationList = 1D6058960D05DD3E006BFB54 /* Build configuration list for PBXNativeTarget "QPRBook6" */;
			buildPhases = (
				1D60588D0D05DD3D006BFB54 /* Resources */,
				1D60588E0D05DD3D006BFB54 /* Sources */,
				1D60588F0D05DD3D006BFB54 /* Frameworks */,
			);
			buildRules = (
			);
			dependencies = (
				861337DD178B644A004B6339 /* PBXTargetDependency */,
			);
			name = QPRBook6;
			productName = QPRBook;
			productReference = 1D6058910D05DD3D006BFB54 /* QPRBook6.app */;
			productType = "com.apple.product-type.application";
		};
/* End PBXNativeTarget section */

/* Begin PBXProject section */
		29B97313FDCFA39411CA2CEA /* Project object */ = {
			isa = PBXProject;
			attributes = {
				LastUpgradeCheck = 0620;
				TargetAttributes = {
					1D6058900D05DD3D006BFB54 = {
						DevelopmentTeam = MG8A74ZK4S;
					};
				};
			};
			buildConfigurationList = C01FCF4E08A954540054247B /* Build configuration list for PBXProject "QPRBook6" */;
			compatibilityVersion = "Xcode 3.2";
			developmentRegion = English;
			hasScannedForEncodings = 1;
			knownRegions = (
				English,
				Japanese,
				French,
				German,
				en,
				de,
			);
			mainGroup = 29B97314FDCFA39411CA2CEA /* CustomTemplate */;
			projectDirPath = "";
			projectReferences = (
				{
					ProductGroup = 861337D6178B5F79004B6339 /* Products */;
					ProjectRef = 861337D5178B5F79004B6339 /* PDFReader.xcodeproj */;
				},
			);
			projectRoot = "";
			targets = (
				1D6058900D05DD3D006BFB54 /* QPRBook6 */,
			);
		};
/* End PBXProject section */

/* Begin PBXReferenceProxy section */
		861337DA178B5F7A004B6339 /* libPDFReader.a */ = {
			isa = PBXReferenceProxy;
			fileType = archive.ar;
			path = libPDFReader.a;
			remoteRef = 861337D9178B5F7A004B6339 /* PBXContainerItemProxy */;
			sourceTree = BUILT_PRODUCTS_DIR;
		};
/* End PBXReferenceProxy section */

/* Begin PBXResourcesBuildPhase section */
		1D60588D0D05DD3D006BFB54 /* Resources */ = {
			isa = PBXResourcesBuildPhase;
			buildActionMask = 2147483647;
			files = (
				86E411F5178F396D00BF81B2 /* Reader-Button-H.png in Resources */,
				01B9166F17ECE388008BFCF0 /* QPRLogo50.png in Resources */,
				01B9166E17ECE388008BFCF0 /* QPRLogo100.png in Resources */,
				86E411F6178F396D00BF81B2 /* Reader-Button-H@2x.png in Resources */,
				01B9167617ECE7C4008BFCF0 /* InfoViewController.xib in Resources */,
				86E411F7178F396D00BF81B2 /* Reader-Button-N.png in Resources */,
				01B9167117ECE388008BFCF0 /* QPRLogo58.png in Resources */,
				86E411F8178F396D00BF81B2 /* Reader-Button-N@2x.png in Resources */,
				01B9167317ECE456008BFCF0 /* Images.xcassets in Resources */,
				86E411F9178F396D00BF81B2 /* Reader-Email.png in Resources */,
				86E411FA178F396D00BF81B2 /* Reader-Email@2x.png in Resources */,
				86E411FB178F396D00BF81B2 /* Reader-Mark-N.png in Resources */,
				86E411FC178F396D00BF81B2 /* Reader-Mark-N@2x.png in Resources */,
				01B9166D17ECE388008BFCF0 /* QPRLogo40.png in Resources */,
				86E411FD178F396D00BF81B2 /* Reader-Mark-Y.png in Resources */,
				86E411FE178F396D00BF81B2 /* Reader-Mark-Y@2x.png in Resources */,
				86E411FF178F396D00BF81B2 /* Reader-Print.png in Resources */,
				86E41200178F396D00BF81B2 /* Reader-Print@2x.png in Resources */,
				86E41201178F396D00BF81B2 /* Reader-Thumbs.png in Resources */,
				86E41202178F396D00BF81B2 /* Reader-Thumbs@2x.png in Resources */,
				0B80191012677D8900485E11 /* Forever_Decision.pdf in Resources */,
				0BDEA8E912A748C5002A9DE6 /* QPRLogo.png in Resources */,
				0B9FBBCF12FB00C100C5FA2F /* Decisión para siempre.pdf in Resources */,
				0B2CFF29137B75D500802505 /* 79-medical-bag.png in Resources */,
				0B2CFF2F137B785A00802505 /* info_20.png in Resources */,
				0BF8DB1D140864CF00FB5D3A /* Entitlements.plist in Resources */,
				0BF8DB24140B2A5100FB5D3A /* QPRLogo.gif in Resources */,
				867B3472178C69EB00CAA125 /* Default-568h@2x.png in Resources */,
				01B9166417ECE18E008BFCF0 /* QPRLogo120.png in Resources */,
				867B3474178C6B0E00CAA125 /* MainStoryboard_iPhone.storyboard in Resources */,
				01B9167017ECE388008BFCF0 /* QPRLogo80.png in Resources */,
				867B3476178C6BE800CAA125 /* MainStoryboard_iPad.storyboard in Resources */,
				867B3479178C70A200CAA125 /* QPRLogo72.png in Resources */,
				867B347A178C70A200CAA125 /* QPRLogo72@2x.png in Resources */,
				867B347C178C717000CAA125 /* QPRLogo114.png in Resources */,
				867B347E178C778100CAA125 /* Default@2x.png in Resources */,
				867B347F178C780000CAA125 /* Default.png in Resources */,
			);
			runOnlyForDeploymentPostprocessing = 0;
		};
/* End PBXResourcesBuildPhase section */

/* Begin PBXSourcesBuildPhase section */
		1D60588E0D05DD3D006BFB54 /* Sources */ = {
			isa = PBXSourcesBuildPhase;
			buildActionMask = 2147483647;
			files = (
				1D60589B0D05DD56006BFB54 /* main.m in Sources */,
				1D3623260D0F684500981E51 /* QPRBookAppDelegate.m in Sources */,
				289233AE0DB2D0DB0083E9F9 /* MainViewController.m in Sources */,
				864342BC17A01E6C0036032C /* InfoViewController.m in Sources */,
			);
			runOnlyForDeploymentPostprocessing = 0;
		};
/* End PBXSourcesBuildPhase section */

/* Begin PBXTargetDependency section */
		861337DD178B644A004B6339 /* PBXTargetDependency */ = {
			isa = PBXTargetDependency;
			name = PDFReader;
			targetProxy = 861337DC178B644A004B6339 /* PBXContainerItemProxy */;
		};
/* End PBXTargetDependency section */

/* Begin XCBuildConfiguration section */
		0BF8DA941406933B00FB5D3A /* Distribution */ = {
			isa = XCBuildConfiguration;
			buildSettings = {
				CODE_SIGN_IDENTITY = "iPhone Distribution: Teresa Van Dusen";
				"CODE_SIGN_IDENTITY[sdk=iphoneos*]" = "iPhone Distribution";
				GCC_C_LANGUAGE_STANDARD = c99;
				GCC_WARN_ABOUT_RETURN_TYPE = YES;
				GCC_WARN_UNUSED_VARIABLE = YES;
				IPHONEOS_DEPLOYMENT_TARGET = 6.1;
				OTHER_CFLAGS = "-DNS_BLOCK_ASSERTIONS=1";
				PROVISIONING_PROFILE = "E3FC96C2-5E11-437A-B951-BC4893F68E92";
				"PROVISIONING_PROFILE[sdk=iphoneos*]" = "";
				SDKROOT = iphoneos;
			};
			name = Distribution;
		};
		0BF8DA951406933B00FB5D3A /* Distribution */ = {
			isa = XCBuildConfiguration;
			buildSettings = {
				ALWAYS_SEARCH_USER_PATHS = YES;
				ASSETCATALOG_COMPILER_APPICON_NAME = AppIcon;
				ASSETCATALOG_COMPILER_LAUNCHIMAGE_NAME = LaunchImage;
				CLANG_ENABLE_OBJC_ARC = YES;
				CODE_SIGN_ENTITLEMENTS = Entitlements.plist;
				CODE_SIGN_IDENTITY = "iPhone Developer";
				COPY_PHASE_STRIP = YES;
				GCC_PRECOMPILE_PREFIX_HEADER = YES;
				GCC_PREFIX_HEADER = QPRBook6_Prefix.pch;
				GCC_VERSION = "";
				HEADER_SEARCH_PATHS = (
					"$(inherited)",
					"\"$(SRCROOT)\"/**",
					"\"$(SRCROOT)/../PDFReader/**",
				);
				INFOPLIST_FILE = "QPRBook6-Info.plist";
				IPHONEOS_DEPLOYMENT_TARGET = 6.1;
				LIBRARY_SEARCH_PATHS = (
					"$(inherited)",
					"\"$(SRCROOT)\"",
				);
				ONLY_ACTIVE_ARCH = YES;
				PRODUCT_NAME = QPRBook6;
				SDKROOT = iphoneos;
				TARGETED_DEVICE_FAMILY = "1,2";
				USER_HEADER_SEARCH_PATHS = "\"$(SRCROOT)/../PDFReader/PDFReader/Headers\"";
				VALIDATE_PRODUCT = YES;
			};
			name = Distribution;
		};
		1D6058940D05DD3E006BFB54 /* Debug */ = {
			isa = XCBuildConfiguration;
			buildSettings = {
				ALWAYS_SEARCH_USER_PATHS = YES;
				ASSETCATALOG_COMPILER_APPICON_NAME = AppIcon;
				ASSETCATALOG_COMPILER_LAUNCHIMAGE_NAME = LaunchImage;
				CLANG_ENABLE_OBJC_ARC = YES;
				CODE_SIGN_ENTITLEMENTS = "";
				CODE_SIGN_IDENTITY = "iPhone Developer";
				COPY_PHASE_STRIP = NO;
				GCC_DYNAMIC_NO_PIC = NO;
				GCC_OPTIMIZATION_LEVEL = 0;
				GCC_PRECOMPILE_PREFIX_HEADER = YES;
				GCC_PREFIX_HEADER = QPRBook6_Prefix.pch;
				GCC_VERSION = "";
				HEADER_SEARCH_PATHS = (
					"$(inherited)",
					"\"$(SRCROOT)\"/**",
					"\"$(SRCROOT)/../PDFReader/**",
				);
				INFOPLIST_FILE = "QPRBook6-Info.plist";
				IPHONEOS_DEPLOYMENT_TARGET = 6.1;
				LIBRARY_SEARCH_PATHS = (
					"$(inherited)",
					"\"$(SRCROOT)\"",
				);
				ONLY_ACTIVE_ARCH = YES;
				PRODUCT_NAME = QPRBook6;
				SDKROOT = iphoneos;
				TARGETED_DEVICE_FAMILY = "1,2";
				USER_HEADER_SEARCH_PATHS = "\"$(SRCROOT)/../PDFReader/PDFReader/Headers\"";
			};
			name = Debug;
		};
		1D6058950D05DD3E006BFB54 /* Release */ = {
			isa = XCBuildConfiguration;
			buildSettings = {
				ALWAYS_SEARCH_USER_PATHS = YES;
				ASSETCATALOG_COMPILER_APPICON_NAME = AppIcon;
				ASSETCATALOG_COMPILER_LAUNCHIMAGE_NAME = LaunchImage;
				CLANG_ENABLE_OBJC_ARC = YES;
				CODE_SIGN_ENTITLEMENTS = "";
				CODE_SIGN_IDENTITY = "iPhone Developer";
				COPY_PHASE_STRIP = YES;
				GCC_PRECOMPILE_PREFIX_HEADER = YES;
				GCC_PREFIX_HEADER = QPRBook6_Prefix.pch;
				GCC_VERSION = "";
				HEADER_SEARCH_PATHS = (
					"$(inherited)",
					"\"$(SRCROOT)\"/**",
					"\"$(SRCROOT)/../PDFReader/**",
				);
				INFOPLIST_FILE = "QPRBook6-Info.plist";
				IPHONEOS_DEPLOYMENT_TARGET = 6.1;
				LIBRARY_SEARCH_PATHS = (
					"$(inherited)",
					"\"$(SRCROOT)\"",
				);
				ONLY_ACTIVE_ARCH = YES;
				PRODUCT_NAME = QPRBook6;
				SDKROOT = iphoneos;
				TARGETED_DEVICE_FAMILY = "1,2";
				USER_HEADER_SEARCH_PATHS = "\"$(SRCROOT)/../PDFReader/PDFReader/Headers\"";
				VALIDATE_PRODUCT = YES;
			};
			name = Release;
		};
		C01FCF4F08A954540054247B /* Debug */ = {
			isa = XCBuildConfiguration;
			buildSettings = {
				"CODE_SIGN_ENTITLEMENTS[sdk=*]" = "";
				"CODE_SIGN_IDENTITY[sdk=iphoneos*]" = "iPhone Developer";
				GCC_C_LANGUAGE_STANDARD = c99;
				GCC_WARN_ABOUT_RETURN_TYPE = YES;
				GCC_WARN_UNUSED_VARIABLE = YES;
				IPHONEOS_DEPLOYMENT_TARGET = 6.1;
				ONLY_ACTIVE_ARCH = YES;
				SDKROOT = iphoneos;
			};
			name = Debug;
		};
		C01FCF5008A954540054247B /* Release */ = {
			isa = XCBuildConfiguration;
			buildSettings = {
				"CODE_SIGN_IDENTITY[sdk=iphoneos*]" = "iPhone Developer";
				GCC_C_LANGUAGE_STANDARD = c99;
				GCC_WARN_ABOUT_RETURN_TYPE = YES;
				GCC_WARN_UNUSED_VARIABLE = YES;
				IPHONEOS_DEPLOYMENT_TARGET = 6.1;
				OTHER_CFLAGS = "-DNS_BLOCK_ASSERTIONS=1";
				SDKROOT = iphoneos;
			};
			name = Release;
		};
/* End XCBuildConfiguration section */

/* Begin XCConfigurationList section */
		1D6058960D05DD3E006BFB54 /* Build configuration list for PBXNativeTarget "QPRBook6" */ = {
			isa = XCConfigurationList;
			buildConfigurations = (
				1D6058940D05DD3E006BFB54 /* Debug */,
				1D6058950D05DD3E006BFB54 /* Release */,
				0BF8DA951406933B00FB5D3A /* Distribution */,
			);
			defaultConfigurationIsVisible = 0;
			defaultConfigurationName = Distribution;
		};
		C01FCF4E08A954540054247B /* Build configuration list for PBXProject "QPRBook6" */ = {
			isa = XCConfigurationList;
			buildConfigurations = (
				C01FCF4F08A954540054247B /* Debug */,
				C01FCF5008A954540054247B /* Release */,
				0BF8DA941406933B00FB5D3A /* Distribution */,
			);
			defaultConfigurationIsVisible = 0;
			defaultConfigurationName = Distribution;
		};
/* End XCConfigurationList section */
	};
	rootObject = 29B97313FDCFA39411CA2CEA /* Project object */;
}
