// !$*UTF8*$!
{
	archiveVersion = 1;
	classes = {
	};
	objectVersion = 46;
	objects = {

/* Begin PBXBuildFile section */
		0B2CFF26137B6D9B00802505 /* Arrowright.png in Resources */ = {isa = PBXBuildFile; fileRef = 0B2CFF25137B6D9B00802505 /* Arrowright.png */; };
		0B2CFF29137B75D500802505 /* 79-medical-bag.png in Resources */ = {isa = PBXBuildFile; fileRef = 0B2CFF28137B75D500802505 /* 79-medical-bag.png */; };
		0B2CFF2B137B762000802505 /* 180-stickynote.png in Resources */ = {isa = PBXBuildFile; fileRef = 0B2CFF2A137B762000802505 /* 180-stickynote.png */; };
		0B2CFF2D137B763800802505 /* 10-medical.png in Resources */ = {isa = PBXBuildFile; fileRef = 0B2CFF2C137B763800802505 /* 10-medical.png */; };
		0B2CFF2F137B785A00802505 /* info_20.png in Resources */ = {isa = PBXBuildFile; fileRef = 0B2CFF2E137B785A00802505 /* info_20.png */; };
		0B2CFF32137B7A1A00802505 /* pagecurlleft.png in Resources */ = {isa = PBXBuildFile; fileRef = 0B2CFF31137B7A1A00802505 /* pagecurlleft.png */; };
		0B4208A912F8ECFD003BB51C /* QuartzCore.framework in Frameworks */ = {isa = PBXBuildFile; fileRef = 0B4208A812F8ECFD003BB51C /* QuartzCore.framework */; };
		0B42091F12F90969003BB51C /* curlLeft.png in Resources */ = {isa = PBXBuildFile; fileRef = 0B42091D12F90969003BB51C /* curlLeft.png */; };
		0B42092012F90969003BB51C /* curlRight.png in Resources */ = {isa = PBXBuildFile; fileRef = 0B42091E12F90969003BB51C /* curlRight.png */; };
		0B80191012677D8900485E11 /* Forever_Decision.pdf in Resources */ = {isa = PBXBuildFile; fileRef = 0B80190F12677D8800485E11 /* Forever_Decision.pdf */; };
		0B9FBBCF12FB00C100C5FA2F /* Decisión para siempre.pdf in Resources */ = {isa = PBXBuildFile; fileRef = 0B9FBBCE12FB00C100C5FA2F /* Decisión para siempre.pdf */; };
		0BDEA84C12A58920002A9DE6 /* swipe.png in Resources */ = {isa = PBXBuildFile; fileRef = 0BDEA84B12A5891F002A9DE6 /* swipe.png */; };
		0BDEA8E912A748C5002A9DE6 /* QPRLogo.png in Resources */ = {isa = PBXBuildFile; fileRef = 0BDEA8E812A748C5002A9DE6 /* QPRLogo.png */; };
		0BF8DB1D140864CF00FB5D3A /* Entitlements.plist in Resources */ = {isa = PBXBuildFile; fileRef = 0BF8DB1C140864CF00FB5D3A /* Entitlements.plist */; };
		0BF8DB24140B2A5100FB5D3A /* QPRLogo.gif in Resources */ = {isa = PBXBuildFile; fileRef = 0BF8DB21140B2A5100FB5D3A /* QPRLogo.gif */; };
		1D3623260D0F684500981E51 /* QPRBookAppDelegate.m in Sources */ = {isa = PBXBuildFile; fileRef = 1D3623250D0F684500981E51 /* QPRBookAppDelegate.m */; };
		1D60589B0D05DD56006BFB54 /* main.m in Sources */ = {isa = PBXBuildFile; fileRef = 29B97316FDCFA39411CA2CEA /* main.m */; };
		1D60589F0D05DD5A006BFB54 /* Foundation.framework in Frameworks */ = {isa = PBXBuildFile; fileRef = 1D30AB110D05D00D00671497 /* Foundation.framework */; };
		1DF5F4E00D08C38300B7A737 /* UIKit.framework in Frameworks */ = {isa = PBXBuildFile; fileRef = 1DF5F4DF0D08C38300B7A737 /* UIKit.framework */; };
		280E754E0DD40C5E005A515E /* MainView.xib in Resources */ = {isa = PBXBuildFile; fileRef = 280E754B0DD40C5E005A515E /* MainView.xib */; };
		288765590DF743DE002DB57D /* CoreGraphics.framework in Frameworks */ = {isa = PBXBuildFile; fileRef = 288765580DF743DE002DB57D /* CoreGraphics.framework */; };
		289233AE0DB2D0DB0083E9F9 /* MainViewController.m in Sources */ = {isa = PBXBuildFile; fileRef = 289233A90DB2D0DB0083E9F9 /* MainViewController.m */; };
		867B3471178C557200CAA125 /* libPDFReader.a in Frameworks */ = {isa = PBXBuildFile; fileRef = 861337DA178B5F7A004B6339 /* libPDFReader.a */; };
		86BD1024178B6E1C00C1AEF4 /* ImageIO.framework in Frameworks */ = {isa = PBXBuildFile; fileRef = 86BD1023178B6E1C00C1AEF4 /* ImageIO.framework */; };
		86BD1026178B6E2B00C1AEF4 /* MessageUI.framework in Frameworks */ = {isa = PBXBuildFile; fileRef = 86BD1025178B6E2B00C1AEF4 /* MessageUI.framework */; };
/* End PBXBuildFile section */

/* Begin PBXContainerItemProxy section */
		861337D9178B5F7A004B6339 /* PBXContainerItemProxy */ = {
			isa = PBXContainerItemProxy;
			containerPortal = 861337D5178B5F79004B6339 /* PDFReader.xcodeproj */;
			proxyType = 2;
			remoteGlobalIDString = 8613372D178B546B004B6339;
			remoteInfo = PDFReader;
		};
		861337DC178B644A004B6339 /* PBXContainerItemProxy */ = {
			isa = PBXContainerItemProxy;
			containerPortal = 861337D5178B5F79004B6339 /* PDFReader.xcodeproj */;
			proxyType = 1;
			remoteGlobalIDString = 8613372C178B546B004B6339;
			remoteInfo = PDFReader;
		};
/* End PBXContainerItemProxy section */

/* Begin PBXFileReference section */
		0B2CFF25137B6D9B00802505 /* Arrowright.png */ = {isa = PBXFileReference; lastKnownFileType = image.png; path = Arrowright.png; sourceTree = "<group>"; };
		0B2CFF28137B75D500802505 /* 79-medical-bag.png */ = {isa = PBXFileReference; lastKnownFileType = image.png; path = "79-medical-bag.png"; sourceTree = "<group>"; };
		0B2CFF2A137B762000802505 /* 180-stickynote.png */ = {isa = PBXFileReference; lastKnownFileType = image.png; path = "180-stickynote.png"; sourceTree = "<group>"; };
		0B2CFF2C137B763800802505 /* 10-medical.png */ = {isa = PBXFileReference; lastKnownFileType = image.png; path = "10-medical.png"; sourceTree = "<group>"; };
		0B2CFF2E137B785A00802505 /* info_20.png */ = {isa = PBXFileReference; lastKnownFileType = image.png; path = info_20.png; sourceTree = "<group>"; };
		0B2CFF31137B7A1A00802505 /* pagecurlleft.png */ = {isa = PBXFileReference; lastKnownFileType = image.png; path = pagecurlleft.png; sourceTree = "<group>"; };
		0B4208A812F8ECFD003BB51C /* QuartzCore.framework */ = {isa = PBXFileReference; lastKnownFileType = wrapper.framework; name = QuartzCore.framework; path = System/Library/Frameworks/QuartzCore.framework; sourceTree = SDKROOT; };
		0B42091D12F90969003BB51C /* curlLeft.png */ = {isa = PBXFileReference; lastKnownFileType = image.png; path = curlLeft.png; sourceTree = "<group>"; };
		0B42091E12F90969003BB51C /* curlRight.png */ = {isa = PBXFileReference; lastKnownFileType = image.png; path = curlRight.png; sourceTree = "<group>"; };
		0B80190F12677D8800485E11 /* Forever_Decision.pdf */ = {isa = PBXFileReference; lastKnownFileType = image.pdf; path = Forever_Decision.pdf; sourceTree = "<group>"; };
		0B9FBBCE12FB00C100C5FA2F /* Decisión para siempre.pdf */ = {isa = PBXFileReference; lastKnownFileType = image.pdf; path = "Decisión para siempre.pdf"; sourceTree = "<group>"; };
		0BDEA84B12A5891F002A9DE6 /* swipe.png */ = {isa = PBXFileReference; lastKnownFileType = image.png; path = swipe.png; sourceTree = "<group>"; };
		0BDEA8E812A748C5002A9DE6 /* QPRLogo.png */ = {isa = PBXFileReference; lastKnownFileType = image.png; path = QPRLogo.png; sourceTree = "<group>"; };
		0BF8DB1A1408525D00FB5D3A /* Default.png */ = {isa = PBXFileReference; lastKnownFileType = image.png; path = Default.png; sourceTree = "<group>"; };
		0BF8DB1C140864CF00FB5D3A /* Entitlements.plist */ = {isa = PBXFileReference; fileEncoding = 4; lastKnownFileType = text.plist.xml; path = Entitlements.plist; sourceTree = "<group>"; };
		0BF8DB21140B2A5100FB5D3A /* QPRLogo.gif */ = {isa = PBXFileReference; lastKnownFileType = image.gif; path = QPRLogo.gif; sourceTree = "<group>"; };
		1D30AB110D05D00D00671497 /* Foundation.framework */ = {isa = PBXFileReference; lastKnownFileType = wrapper.framework; name = Foundation.framework; path = System/Library/Frameworks/Foundation.framework; sourceTree = SDKROOT; };
		1D3623240D0F684500981E51 /* QPRBookAppDelegate.h */ = {isa = PBXFileReference; fileEncoding = 4; lastKnownFileType = sourcecode.c.h; path = QPRBookAppDelegate.h; sourceTree = "<group>"; };
		1D3623250D0F684500981E51 /* QPRBookAppDelegate.m */ = {isa = PBXFileReference; fileEncoding = 4; lastKnownFileType = sourcecode.c.objc; path = QPRBookAppDelegate.m; sourceTree = "<group>"; };
		1D6058910D05DD3D006BFB54 /* QPRBook6.app */ = {isa = PBXFileReference; explicitFileType = wrapper.application; includeInIndex = 0; path = QPRBook6.app; sourceTree = BUILT_PRODUCTS_DIR; };
		1DF5F4DF0D08C38300B7A737 /* UIKit.framework */ = {isa = PBXFileReference; lastKnownFileType = wrapper.framework; name = UIKit.framework; path = System/Library/Frameworks/UIKit.framework; sourceTree = SDKROOT; };
		280E754B0DD40C5E005A515E /* MainView.xib */ = {isa = PBXFileReference; lastKnownFileType = file.xib; path = MainView.xib; sourceTree = "<group>"; };
		288765580DF743DE002DB57D /* CoreGraphics.framework */ = {isa = PBXFileReference; lastKnownFileType = wrapper.framework; name = CoreGraphics.framework; path = System/Library/Frameworks/CoreGraphics.framework; sourceTree = SDKROOT; };
		289233A80DB2D0DB0083E9F9 /* MainViewController.h */ = {isa = PBXFileReference; fileEncoding = 4; lastKnownFileType = sourcecode.c.h; name = MainViewController.h; path = Classes/MainViewController.h; sourceTree = "<group>"; };
		289233A90DB2D0DB0083E9F9 /* MainViewController.m */ = {isa = PBXFileReference; fileEncoding = 4; lastKnownFileType = sourcecode.c.objc; name = MainViewController.m; path = Classes/MainViewController.m; sourceTree = "<group>"; };
		29B97316FDCFA39411CA2CEA /* main.m */ = {isa = PBXFileReference; fileEncoding = 4; lastKnownFileType = sourcecode.c.objc; path = main.m; sourceTree = "<group>"; };
		32CA4F630368D1EE00C91783 /* QPRBook6_Prefix.pch */ = {isa = PBXFileReference; fileEncoding = 4; lastKnownFileType = sourcecode.c.h; path = QPRBook6_Prefix.pch; sourceTree = "<group>"; };
		861337D5178B5F79004B6339 /* PDFReader.xcodeproj */ = {isa = PBXFileReference; lastKnownFileType = "wrapper.pb-project"; name = PDFReader.xcodeproj; path = ../PDFReader/PDFReader.xcodeproj; sourceTree = "<group>"; };
		8662E866174E9EB500FBBC99 /* Default-568h@2x.png */ = {isa = PBXFileReference; lastKnownFileType = image.png; path = "Default-568h@2x.png"; sourceTree = "<group>"; };
		86BD1023178B6E1C00C1AEF4 /* ImageIO.framework */ = {isa = PBXFileReference; lastKnownFileType = wrapper.framework; name = ImageIO.framework; path = System/Library/Frameworks/ImageIO.framework; sourceTree = SDKROOT; };
		86BD1025178B6E2B00C1AEF4 /* MessageUI.framework */ = {isa = PBXFileReference; lastKnownFileType = wrapper.framework; name = MessageUI.framework; path = System/Library/Frameworks/MessageUI.framework; sourceTree = SDKROOT; };
		8D1107310486CEB800E47090 /* QPRBook6-Info.plist */ = {isa = PBXFileReference; fileEncoding = 4; lastKnownFileType = text.plist.xml; path = "QPRBook6-Info.plist"; plistStructureDefinitionIdentifier = "com.apple.xcode.plist.structure-definition.iphone.info-plist"; sourceTree = "<group>"; };
/* End PBXFileReference section */

/* Begin PBXFrameworksBuildPhase section */
		1D60588F0D05DD3D006BFB54 /* Frameworks */ = {
			isa = PBXFrameworksBuildPhase;
			buildActionMask = 2147483647;
			files = (
				867B3471178C557200CAA125 /* libPDFReader.a in Frameworks */,
				86BD1024178B6E1C00C1AEF4 /* ImageIO.framework in Frameworks */,
				86BD1026178B6E2B00C1AEF4 /* MessageUI.framework in Frameworks */,
				0B4208A912F8ECFD003BB51C /* QuartzCore.framework in Frameworks */,
				288765590DF743DE002DB57D /* CoreGraphics.framework in Frameworks */,
				1D60589F0D05DD5A006BFB54 /* Foundation.framework in Frameworks */,
				1DF5F4E00D08C38300B7A737 /* UIKit.framework in Frameworks */,
			);
			runOnlyForDeploymentPostprocessing = 0;
		};
/* End PBXFrameworksBuildPhase section */

/* Begin PBXGroup section */
		080E96DDFE201D6D7F000001 /* Application Delegate */ = {
			isa = PBXGroup;
			children = (
				1D3623240D0F684500981E51 /* QPRBookAppDelegate.h */,
				1D3623250D0F684500981E51 /* QPRBookAppDelegate.m */,
			);
			name = "Application Delegate";
			path = Classes;
			sourceTree = "<group>";
		};
		19C28FACFE9D520D11CA2CBB /* Products */ = {
			isa = PBXGroup;
			children = (
				1D6058910D05DD3D006BFB54 /* QPRBook6.app */,
			);
			name = Products;
			sourceTree = "<group>";
		};
		289233A00DB2D0730083E9F9 /* Main View */ = {
			isa = PBXGroup;
			children = (
				289233A80DB2D0DB0083E9F9 /* MainViewController.h */,
				289233A90DB2D0DB0083E9F9 /* MainViewController.m */,
			);
			name = "Main View";
			sourceTree = "<group>";
		};
		29B97314FDCFA39411CA2CEA /* CustomTemplate */ = {
			isa = PBXGroup;
			children = (
				861337D5178B5F79004B6339 /* PDFReader.xcodeproj */,
				289233A00DB2D0730083E9F9 /* Main View */,
				080E96DDFE201D6D7F000001 /* Application Delegate */,
				29B97315FDCFA39411CA2CEA /* Other Sources */,
				29B97317FDCFA39411CA2CEA /* Resources */,
				29B97323FDCFA39411CA2CEA /* Frameworks */,
				19C28FACFE9D520D11CA2CBB /* Products */,
			);
			name = CustomTemplate;
			sourceTree = "<group>";
		};
		29B97315FDCFA39411CA2CEA /* Other Sources */ = {
			isa = PBXGroup;
			children = (
				32CA4F630368D1EE00C91783 /* QPRBook6_Prefix.pch */,
				29B97316FDCFA39411CA2CEA /* main.m */,
			);
			name = "Other Sources";
			sourceTree = "<group>";
		};
		29B97317FDCFA39411CA2CEA /* Resources */ = {
			isa = PBXGroup;
			children = (
				8662E866174E9EB500FBBC99 /* Default-568h@2x.png */,
				0BF8DB1C140864CF00FB5D3A /* Entitlements.plist */,
				0BF8DB21140B2A5100FB5D3A /* QPRLogo.gif */,
				0BF8DB1A1408525D00FB5D3A /* Default.png */,
				0B2CFF31137B7A1A00802505 /* pagecurlleft.png */,
				0B2CFF2E137B785A00802505 /* info_20.png */,
				0B2CFF2C137B763800802505 /* 10-medical.png */,
				0B2CFF2A137B762000802505 /* 180-stickynote.png */,
				0B2CFF28137B75D500802505 /* 79-medical-bag.png */,
				0B2CFF25137B6D9B00802505 /* Arrowright.png */,
				0B9FBBCE12FB00C100C5FA2F /* Decisión para siempre.pdf */,
				0B42091D12F90969003BB51C /* curlLeft.png */,
				0B42091E12F90969003BB51C /* curlRight.png */,
				0BDEA8E812A748C5002A9DE6 /* QPRLogo.png */,
				0BDEA84B12A5891F002A9DE6 /* swipe.png */,
				0B80190F12677D8800485E11 /* Forever_Decision.pdf */,
				280E754B0DD40C5E005A515E /* MainView.xib */,
				8D1107310486CEB800E47090 /* QPRBook6-Info.plist */,
			);
			name = Resources;
			sourceTree = "<group>";
		};
		29B97323FDCFA39411CA2CEA /* Frameworks */ = {
			isa = PBXGroup;
			children = (
				86BD1025178B6E2B00C1AEF4 /* MessageUI.framework */,
				86BD1023178B6E1C00C1AEF4 /* ImageIO.framework */,
				1DF5F4DF0D08C38300B7A737 /* UIKit.framework */,
				1D30AB110D05D00D00671497 /* Foundation.framework */,
				288765580DF743DE002DB57D /* CoreGraphics.framework */,
				0B4208A812F8ECFD003BB51C /* QuartzCore.framework */,
			);
			name = Frameworks;
			sourceTree = "<group>";
		};
		861337D6178B5F79004B6339 /* Products */ = {
			isa = PBXGroup;
			children = (
				861337DA178B5F7A004B6339 /* libPDFReader.a */,
			);
			name = Products;
			sourceTree = "<group>";
		};
/* End PBXGroup section */

/* Begin PBXNativeTarget section */
		1D6058900D05DD3D006BFB54 /* QPRBook6 */ = {
			isa = PBXNativeTarget;
			buildConfigurationList = 1D6058960D05DD3E006BFB54 /* Build configuration list for PBXNativeTarget "QPRBook6" */;
			buildPhases = (
				1D60588D0D05DD3D006BFB54 /* Resources */,
				1D60588E0D05DD3D006BFB54 /* Sources */,
				1D60588F0D05DD3D006BFB54 /* Frameworks */,
			);
			buildRules = (
			);
			dependencies = (
				861337DD178B644A004B6339 /* PBXTargetDependency */,
			);
			name = QPRBook6;
			productName = QPRBook;
			productReference = 1D6058910D05DD3D006BFB54 /* QPRBook6.app */;
			productType = "com.apple.product-type.application";
		};
/* End PBXNativeTarget section */

/* Begin PBXProject section */
		29B97313FDCFA39411CA2CEA /* Project object */ = {
			isa = PBXProject;
			attributes = {
				LastUpgradeCheck = 0460;
			};
			buildConfigurationList = C01FCF4E08A954540054247B /* Build configuration list for PBXProject "QPRBook6" */;
			compatibilityVersion = "Xcode 3.2";
			developmentRegion = English;
			hasScannedForEncodings = 1;
			knownRegions = (
				English,
				Japanese,
				French,
				German,
				en,
				de,
			);
			mainGroup = 29B97314FDCFA39411CA2CEA /* CustomTemplate */;
			projectDirPath = "";
			projectReferences = (
				{
					ProductGroup = 861337D6178B5F79004B6339 /* Products */;
					ProjectRef = 861337D5178B5F79004B6339 /* PDFReader.xcodeproj */;
				},
			);
			projectRoot = "";
			targets = (
				1D6058900D05DD3D006BFB54 /* QPRBook6 */,
			);
		};
/* End PBXProject section */

/* Begin PBXReferenceProxy section */
		861337DA178B5F7A004B6339 /* libPDFReader.a */ = {
			isa = PBXReferenceProxy;
			fileType = archive.ar;
			path = libPDFReader.a;
			remoteRef = 861337D9178B5F7A004B6339 /* PBXContainerItemProxy */;
			sourceTree = BUILT_PRODUCTS_DIR;
		};
/* End PBXReferenceProxy section */

/* Begin PBXResourcesBuildPhase section */
		1D60588D0D05DD3D006BFB54 /* Resources */ = {
			isa = PBXResourcesBuildPhase;
			buildActionMask = 2147483647;
			files = (
				280E754E0DD40C5E005A515E /* MainView.xib in Resources */,
				0B80191012677D8900485E11 /* Forever_Decision.pdf in Resources */,
				0BDEA84C12A58920002A9DE6 /* swipe.png in Resources */,
				0BDEA8E912A748C5002A9DE6 /* QPRLogo.png in Resources */,
				0B42091F12F90969003BB51C /* curlLeft.png in Resources */,
				0B42092012F90969003BB51C /* curlRight.png in Resources */,
				0B9FBBCF12FB00C100C5FA2F /* Decisión para siempre.pdf in Resources */,
				0B2CFF26137B6D9B00802505 /* Arrowright.png in Resources */,
				0B2CFF29137B75D500802505 /* 79-medical-bag.png in Resources */,
				0B2CFF2B137B762000802505 /* 180-stickynote.png in Resources */,
				0B2CFF2D137B763800802505 /* 10-medical.png in Resources */,
				0B2CFF2F137B785A00802505 /* info_20.png in Resources */,
				0B2CFF32137B7A1A00802505 /* pagecurlleft.png in Resources */,
				0BF8DB1D140864CF00FB5D3A /* Entitlements.plist in Resources */,
				0BF8DB24140B2A5100FB5D3A /* QPRLogo.gif in Resources */,
			);
			runOnlyForDeploymentPostprocessing = 0;
		};
/* End PBXResourcesBuildPhase section */

/* Begin PBXSourcesBuildPhase section */
		1D60588E0D05DD3D006BFB54 /* Sources */ = {
			isa = PBXSourcesBuildPhase;
			buildActionMask = 2147483647;
			files = (
				1D60589B0D05DD56006BFB54 /* main.m in Sources */,
				1D3623260D0F684500981E51 /* QPRBookAppDelegate.m in Sources */,
				289233AE0DB2D0DB0083E9F9 /* MainViewController.m in Sources */,
			);
			runOnlyForDeploymentPostprocessing = 0;
		};
/* End PBXSourcesBuildPhase section */

/* Begin PBXTargetDependency section */
		861337DD178B644A004B6339 /* PBXTargetDependency */ = {
			isa = PBXTargetDependency;
			name = PDFReader;
			targetProxy = 861337DC178B644A004B6339 /* PBXContainerItemProxy */;
		};
/* End PBXTargetDependency section */

/* Begin XCBuildConfiguration section */
		0BF8DA941406933B00FB5D3A /* Distribution */ = {
			isa = XCBuildConfiguration;
			buildSettings = {
				ARCHS = "$(ARCHS_STANDARD_32_BIT)";
				CODE_SIGN_IDENTITY = "iPhone Distribution: Teresa Van Dusen";
				"CODE_SIGN_IDENTITY[sdk=iphoneos*]" = "iPhone Distribution";
				GCC_C_LANGUAGE_STANDARD = c99;
				GCC_WARN_ABOUT_RETURN_TYPE = YES;
				GCC_WARN_UNUSED_VARIABLE = YES;
				IPHONEOS_DEPLOYMENT_TARGET = 6.1;
				OTHER_CFLAGS = "-DNS_BLOCK_ASSERTIONS=1";
				PROVISIONING_PROFILE = "E3FC96C2-5E11-437A-B951-BC4893F68E92";
				"PROVISIONING_PROFILE[sdk=iphoneos*]" = "";
				SDKROOT = iphoneos;
			};
			name = Distribution;
		};
		0BF8DA951406933B00FB5D3A /* Distribution */ = {
			isa = XCBuildConfiguration;
			buildSettings = {
				ALWAYS_SEARCH_USER_PATHS = YES;
				CLANG_ENABLE_OBJC_ARC = YES;
				CODE_SIGN_ENTITLEMENTS = Entitlements.plist;
				COPY_PHASE_STRIP = YES;
				GCC_PRECOMPILE_PREFIX_HEADER = YES;
				GCC_PREFIX_HEADER = QPRBook6_Prefix.pch;
				GCC_VERSION = "";
				HEADER_SEARCH_PATHS = (
					"$(inherited)",
					"\"$(SRCROOT)\"/**",
					"\"$(SRCROOT)/../PDFReader/**",
				);
				INFOPLIST_FILE = "QPRBook6-Info.plist";
				IPHONEOS_DEPLOYMENT_TARGET = 6.1;
				LIBRARY_SEARCH_PATHS = (
					"$(inherited)",
					"\"$(SRCROOT)\"",
				);
				ONLY_ACTIVE_ARCH = YES;
				PRODUCT_NAME = QPRBook6;
				SDKROOT = iphoneos;
				TARGETED_DEVICE_FAMILY = "1,2";
				USER_HEADER_SEARCH_PATHS = "\"$(SRCROOT)/../PDFReader/PDFReader/Headers\"";
				VALIDATE_PRODUCT = YES;
			};
			name = Distribution;
		};
		1D6058940D05DD3E006BFB54 /* Debug */ = {
			isa = XCBuildConfiguration;
			buildSettings = {
				ALWAYS_SEARCH_USER_PATHS = YES;
				CLANG_ENABLE_OBJC_ARC = YES;
				CODE_SIGN_ENTITLEMENTS = "";
				COPY_PHASE_STRIP = NO;
				GCC_DYNAMIC_NO_PIC = NO;
				GCC_OPTIMIZATION_LEVEL = 0;
				GCC_PRECOMPILE_PREFIX_HEADER = YES;
				GCC_PREFIX_HEADER = QPRBook6_Prefix.pch;
				GCC_VERSION = "";
				HEADER_SEARCH_PATHS = (
					"$(inherited)",
					"\"$(SRCROOT)\"/**",
					"\"$(SRCROOT)/../PDFReader/**",
				);
				INFOPLIST_FILE = "QPRBook6-Info.plist";
				IPHONEOS_DEPLOYMENT_TARGET = 6.1;
				LIBRARY_SEARCH_PATHS = (
					"$(inherited)",
					"\"$(SRCROOT)\"",
				);
				ONLY_ACTIVE_ARCH = YES;
				PRODUCT_NAME = QPRBook6;
				SDKROOT = iphoneos;
				TARGETED_DEVICE_FAMILY = "1,2";
				USER_HEADER_SEARCH_PATHS = "\"$(SRCROOT)/../PDFReader/PDFReader/Headers\"";
			};
			name = Debug;
		};
		1D6058950D05DD3E006BFB54 /* Release */ = {
			isa = XCBuildConfiguration;
			buildSettings = {
				ALWAYS_SEARCH_USER_PATHS = YES;
				CLANG_ENABLE_OBJC_ARC = YES;
				CODE_SIGN_ENTITLEMENTS = "";
				COPY_PHASE_STRIP = YES;
				GCC_PRECOMPILE_PREFIX_HEADER = YES;
				GCC_PREFIX_HEADER = QPRBook6_Prefix.pch;
				GCC_VERSION = "";
				HEADER_SEARCH_PATHS = (
					"$(inherited)",
					"\"$(SRCROOT)\"/**",
					"\"$(SRCROOT)/../PDFReader/**",
				);
				INFOPLIST_FILE = "QPRBook6-Info.plist";
				IPHONEOS_DEPLOYMENT_TARGET = 6.1;
				LIBRARY_SEARCH_PATHS = (
					"$(inherited)",
					"\"$(SRCROOT)\"",
				);
				ONLY_ACTIVE_ARCH = YES;
				PRODUCT_NAME = QPRBook6;
				SDKROOT = iphoneos;
				TARGETED_DEVICE_FAMILY = "1,2";
				USER_HEADER_SEARCH_PATHS = "\"$(SRCROOT)/../PDFReader/PDFReader/Headers\"";
				VALIDATE_PRODUCT = YES;
			};
			name = Release;
		};
		C01FCF4F08A954540054247B /* Debug */ = {
			isa = XCBuildConfiguration;
			buildSettings = {
				ARCHS = "$(ARCHS_STANDARD_32_BIT)";
				"CODE_SIGN_ENTITLEMENTS[sdk=*]" = "";
				"CODE_SIGN_IDENTITY[sdk=iphoneos*]" = "iPhone Developer";
				GCC_C_LANGUAGE_STANDARD = c99;
				GCC_WARN_ABOUT_RETURN_TYPE = YES;
				GCC_WARN_UNUSED_VARIABLE = YES;
				IPHONEOS_DEPLOYMENT_TARGET = 6.1;
				SDKROOT = iphoneos;
			};
			name = Debug;
		};
		C01FCF5008A954540054247B /* Release */ = {
			isa = XCBuildConfiguration;
			buildSettings = {
				ARCHS = "$(ARCHS_STANDARD_32_BIT)";
				"CODE_SIGN_IDENTITY[sdk=iphoneos*]" = "iPhone Developer";
				GCC_C_LANGUAGE_STANDARD = c99;
				GCC_WARN_ABOUT_RETURN_TYPE = YES;
				GCC_WARN_UNUSED_VARIABLE = YES;
				IPHONEOS_DEPLOYMENT_TARGET = 6.1;
				OTHER_CFLAGS = "-DNS_BLOCK_ASSERTIONS=1";
				SDKROOT = iphoneos;
			};
			name = Release;
		};
/* End XCBuildConfiguration section */

/* Begin XCConfigurationList section */
		1D6058960D05DD3E006BFB54 /* Build configuration list for PBXNativeTarget "QPRBook6" */ = {
			isa = XCConfigurationList;
			buildConfigurations = (
				1D6058940D05DD3E006BFB54 /* Debug */,
				1D6058950D05DD3E006BFB54 /* Release */,
				0BF8DA951406933B00FB5D3A /* Distribution */,
			);
			defaultConfigurationIsVisible = 0;
			defaultConfigurationName = Distribution;
		};
		C01FCF4E08A954540054247B /* Build configuration list for PBXProject "QPRBook6" */ = {
			isa = XCConfigurationList;
			buildConfigurations = (
				C01FCF4F08A954540054247B /* Debug */,
				C01FCF5008A954540054247B /* Release */,
				0BF8DA941406933B00FB5D3A /* Distribution */,
			);
			defaultConfigurationIsVisible = 0;
			defaultConfigurationName = Distribution;
		};
/* End XCConfigurationList section */
	};
	rootObject = 29B97313FDCFA39411CA2CEA /* Project object */;
}
